
Microsoft Visual Studio Solution File, Format Version 12.00
# Visual Studio Version 17
VisualStudioVersion = 17.3.32819.101
MinimumVisualStudioVersion = 10.0.40219.1
Project("{FAE04EC0-301F-11D3-BF4B-00C04F79EFBC}") = "SPDB MKII", "SPDB MKII.csproj", "{6BD57AFD-E158-45EA-8639-FE9B053E729E}"
EndProject
Global
	GlobalSection(SolutionConfigurationPlatforms) = preSolution
		Debug|Any CPU = Debug|Any CPU
		Release|Any CPU = Release|Any CPU
	EndGlobalSection
	GlobalSection(ProjectConfigurationPlatforms) = postSolution
		{6BD57AFD-E158-45EA-8639-FE9B053E729E}.Debug|Any CPU.ActiveCfg = Debug|Any CPU
		{6BD57AFD-E158-45EA-8639-FE9B053E729E}.Debug|Any CPU.Build.0 = Debug|Any CPU
		{6BD57AFD-E158-45EA-8639-FE9B053E729E}.Release|Any CPU.ActiveCfg = Release|Any CPU
		{6BD57AFD-E158-45EA-8639-FE9B053E729E}.Release|Any CPU.Build.0 = Release|Any CPU
	EndGlobalSection
	GlobalSection(SolutionProperties) = preSolution
		HideSolutionNode = FALSE
	EndGlobalSection
	GlobalSection(ExtensibilityGlobals) = postSolution
		SolutionGuid = {8C271F57-D45B-4C81-8FA4-A958871A1D80}
	EndGlobalSection
EndGlobal
